
Microsoft Visual Studio Solution File, Format Version 12.00
# Visual Studio 15
VisualStudioVersion = 15.0.27703.2026
MinimumVisualStudioVersion = 10.0.40219.1
Project("{FAE04EC0-301F-11D3-BF4B-00C04F79EFBC}") = "AppContacts.Android", "AppContacts\AppContacts.Android\AppContacts.Android.csproj", "{C636D863-5222-45B8-A074-1992AFB467F9}"
EndProject
Project("{FAE04EC0-301F-11D3-BF4B-00C04F79EFBC}") = "AppContacts.iOS", "AppContacts\AppContacts.iOS\AppContacts.iOS.csproj", "{DE3FF731-78F6-498E-A444-FFE011C62C2C}"
EndProject
Project("{FAE04EC0-301F-11D3-BF4B-00C04F79EFBC}") = "AppContacts", "AppContacts\AppContacts\AppContacts.csproj", "{EE50E30E-EFAB-4261-AD43-2C1CF1208506}"
EndProject
Global
	GlobalSection(SolutionConfigurationPlatforms) = preSolution
		Ad-Hoc|Any CPU = Ad-Hoc|Any CPU
		Ad-Hoc|iPhone = Ad-Hoc|iPhone
		Ad-Hoc|iPhoneSimulator = Ad-Hoc|iPhoneSimulator
		AppStore|Any CPU = AppStore|Any CPU
		AppStore|iPhone = AppStore|iPhone
		AppStore|iPhoneSimulator = AppStore|iPhoneSimulator
		Debug|Any CPU = Debug|Any CPU
		Debug|iPhone = Debug|iPhone
		Debug|iPhoneSimulator = Debug|iPhoneSimulator
		Release|Any CPU = Release|Any CPU
		Release|iPhone = Release|iPhone
		Release|iPhoneSimulator = Release|iPhoneSimulator
	EndGlobalSection
	GlobalSection(ProjectConfigurationPlatforms) = postSolution
		{C636D863-5222-45B8-A074-1992AFB467F9}.Ad-Hoc|Any CPU.ActiveCfg = Release|Any CPU
		{C636D863-5222-45B8-A074-1992AFB467F9}.Ad-Hoc|Any CPU.Build.0 = Release|Any CPU
		{C636D863-5222-45B8-A074-1992AFB467F9}.Ad-Hoc|Any CPU.Deploy.0 = Release|Any CPU
		{C636D863-5222-45B8-A074-1992AFB467F9}.Ad-Hoc|iPhone.ActiveCfg = Release|Any CPU
		{C636D863-5222-45B8-A074-1992AFB467F9}.Ad-Hoc|iPhone.Build.0 = Release|Any CPU
		{C636D863-5222-45B8-A074-1992AFB467F9}.Ad-Hoc|iPhone.Deploy.0 = Release|Any CPU
		{C636D863-5222-45B8-A074-1992AFB467F9}.Ad-Hoc|iPhoneSimulator.ActiveCfg = Release|Any CPU
		{C636D863-5222-45B8-A074-1992AFB467F9}.Ad-Hoc|iPhoneSimulator.Build.0 = Release|Any CPU
		{C636D863-5222-45B8-A074-1992AFB467F9}.Ad-Hoc|iPhoneSimulator.Deploy.0 = Release|Any CPU
		{C636D863-5222-45B8-A074-1992AFB467F9}.AppStore|Any CPU.ActiveCfg = Release|Any CPU
		{C636D863-5222-45B8-A074-1992AFB467F9}.AppStore|Any CPU.Build.0 = Release|Any CPU
		{C636D863-5222-45B8-A074-1992AFB467F9}.AppStore|Any CPU.Deploy.0 = Release|Any CPU
		{C636D863-5222-45B8-A074-1992AFB467F9}.AppStore|iPhone.ActiveCfg = Release|Any CPU
		{C636D863-5222-45B8-A074-1992AFB467F9}.AppStore|iPhone.Build.0 = Release|Any CPU
		{C636D863-5222-45B8-A074-1992AFB467F9}.AppStore|iPhone.Deploy.0 = Release|Any CPU
		{C636D863-5222-45B8-A074-1992AFB467F9}.AppStore|iPhoneSimulator.ActiveCfg = Release|Any CPU
		{C636D863-5222-45B8-A074-1992AFB467F9}.AppStore|iPhoneSimulator.Build.0 = Release|Any CPU
		{C636D863-5222-45B8-A074-1992AFB467F9}.AppStore|iPhoneSimulator.Deploy.0 = Release|Any CPU
		{C636D863-5222-45B8-A074-1992AFB467F9}.Debug|Any CPU.ActiveCfg = Debug|Any CPU
		{C636D863-5222-45B8-A074-1992AFB467F9}.Debug|Any CPU.Build.0 = Debug|Any CPU
		{C636D863-5222-45B8-A074-1992AFB467F9}.Debug|Any CPU.Deploy.0 = Debug|Any CPU
		{C636D863-5222-45B8-A074-1992AFB467F9}.Debug|iPhone.ActiveCfg = Debug|Any CPU
		{C636D863-5222-45B8-A074-1992AFB467F9}.Debug|iPhone.Build.0 = Debug|Any CPU
		{C636D863-5222-45B8-A074-1992AFB467F9}.Debug|iPhone.Deploy.0 = Debug|Any CPU
		{C636D863-5222-45B8-A074-1992AFB467F9}.Debug|iPhoneSimulator.ActiveCfg = Debug|Any CPU
		{C636D863-5222-45B8-A074-1992AFB467F9}.Debug|iPhoneSimulator.Build.0 = Debug|Any CPU
		{C636D863-5222-45B8-A074-1992AFB467F9}.Debug|iPhoneSimulator.Deploy.0 = Debug|Any CPU
		{C636D863-5222-45B8-A074-1992AFB467F9}.Release|Any CPU.ActiveCfg = Release|Any CPU
		{C636D863-5222-45B8-A074-1992AFB467F9}.Release|Any CPU.Build.0 = Release|Any CPU
		{C636D863-5222-45B8-A074-1992AFB467F9}.Release|Any CPU.Deploy.0 = Release|Any CPU
		{C636D863-5222-45B8-A074-1992AFB467F9}.Release|iPhone.ActiveCfg = Release|Any CPU
		{C636D863-5222-45B8-A074-1992AFB467F9}.Release|iPhone.Build.0 = Release|Any CPU
		{C636D863-5222-45B8-A074-1992AFB467F9}.Release|iPhone.Deploy.0 = Release|Any CPU
		{C636D863-5222-45B8-A074-1992AFB467F9}.Release|iPhoneSimulator.ActiveCfg = Release|Any CPU
		{C636D863-5222-45B8-A074-1992AFB467F9}.Release|iPhoneSimulator.Build.0 = Release|Any CPU
		{C636D863-5222-45B8-A074-1992AFB467F9}.Release|iPhoneSimulator.Deploy.0 = Release|Any CPU
		{DE3FF731-78F6-498E-A444-FFE011C62C2C}.Ad-Hoc|Any CPU.ActiveCfg = Ad-Hoc|iPhone
		{DE3FF731-78F6-498E-A444-FFE011C62C2C}.Ad-Hoc|Any CPU.Build.0 = Ad-Hoc|iPhone
		{DE3FF731-78F6-498E-A444-FFE011C62C2C}.Ad-Hoc|Any CPU.Deploy.0 = Ad-Hoc|iPhone
		{DE3FF731-78F6-498E-A444-FFE011C62C2C}.Ad-Hoc|iPhone.ActiveCfg = Ad-Hoc|iPhone
		{DE3FF731-78F6-498E-A444-FFE011C62C2C}.Ad-Hoc|iPhone.Build.0 = Ad-Hoc|iPhone
		{DE3FF731-78F6-498E-A444-FFE011C62C2C}.Ad-Hoc|iPhone.Deploy.0 = Ad-Hoc|iPhone
		{DE3FF731-78F6-498E-A444-FFE011C62C2C}.Ad-Hoc|iPhoneSimulator.ActiveCfg = Ad-Hoc|iPhoneSimulator
		{DE3FF731-78F6-498E-A444-FFE011C62C2C}.Ad-Hoc|iPhoneSimulator.Build.0 = Ad-Hoc|iPhoneSimulator
		{DE3FF731-78F6-498E-A444-FFE011C62C2C}.Ad-Hoc|iPhoneSimulator.Deploy.0 = Ad-Hoc|iPhoneSimulator
		{DE3FF731-78F6-498E-A444-FFE011C62C2C}.AppStore|Any CPU.ActiveCfg = AppStore|iPhone
		{DE3FF731-78F6-498E-A444-FFE011C62C2C}.AppStore|Any CPU.Build.0 = AppStore|iPhone
		{DE3FF731-78F6-498E-A444-FFE011C62C2C}.AppStore|Any CPU.Deploy.0 = AppStore|iPhone
		{DE3FF731-78F6-498E-A444-FFE011C62C2C}.AppStore|iPhone.ActiveCfg = AppStore|iPhone
		{DE3FF731-78F6-498E-A444-FFE011C62C2C}.AppStore|iPhone.Build.0 = AppStore|iPhone
		{DE3FF731-78F6-498E-A444-FFE011C62C2C}.AppStore|iPhone.Deploy.0 = AppStore|iPhone
		{DE3FF731-78F6-498E-A444-FFE011C62C2C}.AppStore|iPhoneSimulator.ActiveCfg = AppStore|iPhoneSimulator
		{DE3FF731-78F6-498E-A444-FFE011C62C2C}.AppStore|iPhoneSimulator.Build.0 = AppStore|iPhoneSimulator
		{DE3FF731-78F6-498E-A444-FFE011C62C2C}.AppStore|iPhoneSimulator.Deploy.0 = AppStore|iPhoneSimulator
		{DE3FF731-78F6-498E-A444-FFE011C62C2C}.Debug|Any CPU.ActiveCfg = Debug|iPhoneSimulator
		{DE3FF731-78F6-498E-A444-FFE011C62C2C}.Debug|Any CPU.Build.0 = Debug|iPhoneSimulator
		{DE3FF731-78F6-498E-A444-FFE011C62C2C}.Debug|Any CPU.Deploy.0 = Debug|iPhoneSimulator
		{DE3FF731-78F6-498E-A444-FFE011C62C2C}.Debug|iPhone.ActiveCfg = Debug|iPhone
		{DE3FF731-78F6-498E-A444-FFE011C62C2C}.Debug|iPhone.Build.0 = Debug|iPhone
		{DE3FF731-78F6-498E-A444-FFE011C62C2C}.Debug|iPhone.Deploy.0 = Debug|iPhone
		{DE3FF731-78F6-498E-A444-FFE011C62C2C}.Debug|iPhoneSimulator.ActiveCfg = Debug|iPhoneSimulator
		{DE3FF731-78F6-498E-A444-FFE011C62C2C}.Debug|iPhoneSimulator.Build.0 = Debug|iPhoneSimulator
		{DE3FF731-78F6-498E-A444-FFE011C62C2C}.Debug|iPhoneSimulator.Deploy.0 = Debug|iPhoneSimulator
		{DE3FF731-78F6-498E-A444-FFE011C62C2C}.Release|Any CPU.ActiveCfg = Release|iPhone
		{DE3FF731-78F6-498E-A444-FFE011C62C2C}.Release|Any CPU.Build.0 = Release|iPhone
		{DE3FF731-78F6-498E-A444-FFE011C62C2C}.Release|Any CPU.Deploy.0 = Release|iPhone
		{DE3FF731-78F6-498E-A444-FFE011C62C2C}.Release|iPhone.ActiveCfg = Release|iPhone
		{DE3FF731-78F6-498E-A444-FFE011C62C2C}.Release|iPhone.Build.0 = Release|iPhone
		{DE3FF731-78F6-498E-A444-FFE011C62C2C}.Release|iPhone.Deploy.0 = Release|iPhone
		{DE3FF731-78F6-498E-A444-FFE011C62C2C}.Release|iPhoneSimulator.ActiveCfg = Release|iPhoneSimulator
		{DE3FF731-78F6-498E-A444-FFE011C62C2C}.Release|iPhoneSimulator.Build.0 = Release|iPhoneSimulator
		{DE3FF731-78F6-498E-A444-FFE011C62C2C}.Release|iPhoneSimulator.Deploy.0 = Release|iPhoneSimulator
		{EE50E30E-EFAB-4261-AD43-2C1CF1208506}.Ad-Hoc|Any CPU.ActiveCfg = Debug|Any CPU
		{EE50E30E-EFAB-4261-AD43-2C1CF1208506}.Ad-Hoc|Any CPU.Build.0 = Debug|Any CPU
		{EE50E30E-EFAB-4261-AD43-2C1CF1208506}.Ad-Hoc|Any CPU.Deploy.0 = Debug|Any CPU
		{EE50E30E-EFAB-4261-AD43-2C1CF1208506}.Ad-Hoc|iPhone.ActiveCfg = Debug|Any CPU
		{EE50E30E-EFAB-4261-AD43-2C1CF1208506}.Ad-Hoc|iPhone.Build.0 = Debug|Any CPU
		{EE50E30E-EFAB-4261-AD43-2C1CF1208506}.Ad-Hoc|iPhone.Deploy.0 = Debug|Any CPU
		{EE50E30E-EFAB-4261-AD43-2C1CF1208506}.Ad-Hoc|iPhoneSimulator.ActiveCfg = Debug|Any CPU
		{EE50E30E-EFAB-4261-AD43-2C1CF1208506}.Ad-Hoc|iPhoneSimulator.Build.0 = Debug|Any CPU
		{EE50E30E-EFAB-4261-AD43-2C1CF1208506}.Ad-Hoc|iPhoneSimulator.Deploy.0 = Debug|Any CPU
		{EE50E30E-EFAB-4261-AD43-2C1CF1208506}.AppStore|Any CPU.ActiveCfg = Debug|Any CPU
		{EE50E30E-EFAB-4261-AD43-2C1CF1208506}.AppStore|Any CPU.Build.0 = Debug|Any CPU
		{EE50E30E-EFAB-4261-AD43-2C1CF1208506}.AppStore|Any CPU.Deploy.0 = Debug|Any CPU
		{EE50E30E-EFAB-4261-AD43-2C1CF1208506}.AppStore|iPhone.ActiveCfg = Debug|Any CPU
		{EE50E30E-EFAB-4261-AD43-2C1CF1208506}.AppStore|iPhone.Build.0 = Debug|Any CPU
		{EE50E30E-EFAB-4261-AD43-2C1CF1208506}.AppStore|iPhone.Deploy.0 = Debug|Any CPU
		{EE50E30E-EFAB-4261-AD43-2C1CF1208506}.AppStore|iPhoneSimulator.ActiveCfg = Debug|Any CPU
		{EE50E30E-EFAB-4261-AD43-2C1CF1208506}.AppStore|iPhoneSimulator.Build.0 = Debug|Any CPU
		{EE50E30E-EFAB-4261-AD43-2C1CF1208506}.AppStore|iPhoneSimulator.Deploy.0 = Debug|Any CPU
		{EE50E30E-EFAB-4261-AD43-2C1CF1208506}.Debug|Any CPU.ActiveCfg = Debug|Any CPU
		{EE50E30E-EFAB-4261-AD43-2C1CF1208506}.Debug|Any CPU.Build.0 = Debug|Any CPU
		{EE50E30E-EFAB-4261-AD43-2C1CF1208506}.Debug|Any CPU.Deploy.0 = Debug|Any CPU
		{EE50E30E-EFAB-4261-AD43-2C1CF1208506}.Debug|iPhone.ActiveCfg = Debug|Any CPU
		{EE50E30E-EFAB-4261-AD43-2C1CF1208506}.Debug|iPhone.Build.0 = Debug|Any CPU
		{EE50E30E-EFAB-4261-AD43-2C1CF1208506}.Debug|iPhone.Deploy.0 = Debug|Any CPU
		{EE50E30E-EFAB-4261-AD43-2C1CF1208506}.Debug|iPhoneSimulator.ActiveCfg = Debug|Any CPU
		{EE50E30E-EFAB-4261-AD43-2C1CF1208506}.Debug|iPhoneSimulator.Build.0 = Debug|Any CPU
		{EE50E30E-EFAB-4261-AD43-2C1CF1208506}.Debug|iPhoneSimulator.Deploy.0 = Debug|Any CPU
		{EE50E30E-EFAB-4261-AD43-2C1CF1208506}.Release|Any CPU.ActiveCfg = Release|Any CPU
		{EE50E30E-EFAB-4261-AD43-2C1CF1208506}.Release|Any CPU.Build.0 = Release|Any CPU
		{EE50E30E-EFAB-4261-AD43-2C1CF1208506}.Release|Any CPU.Deploy.0 = Release|Any CPU
		{EE50E30E-EFAB-4261-AD43-2C1CF1208506}.Release|iPhone.ActiveCfg = Release|Any CPU
		{EE50E30E-EFAB-4261-AD43-2C1CF1208506}.Release|iPhone.Build.0 = Release|Any CPU
		{EE50E30E-EFAB-4261-AD43-2C1CF1208506}.Release|iPhone.Deploy.0 = Release|Any CPU
		{EE50E30E-EFAB-4261-AD43-2C1CF1208506}.Release|iPhoneSimulator.ActiveCfg = Release|Any CPU
		{EE50E30E-EFAB-4261-AD43-2C1CF1208506}.Release|iPhoneSimulator.Build.0 = Release|Any CPU
		{EE50E30E-EFAB-4261-AD43-2C1CF1208506}.Release|iPhoneSimulator.Deploy.0 = Release|Any CPU
	EndGlobalSection
	GlobalSection(SolutionProperties) = preSolution
		HideSolutionNode = FALSE
	EndGlobalSection
	GlobalSection(ExtensibilityGlobals) = postSolution
		SolutionGuid = {643361F0-8816-4A43-BA57-E98263724003}
	EndGlobalSection
EndGlobal
